
Microsoft Visual Studio Solution File, Format Version 12.00
# Visual Studio Version 17
VisualStudioVersion = 17.13.35931.197
MinimumVisualStudioVersion = 10.0.40219.1
Project("{FAE04EC0-301F-11D3-BF4B-00C04F79EFBC}") = "GYM01.PL", "GYM01.PL.csproj", "{91C14032-423F-4020-83C0-FC18FF7DE6BF}"
EndProject
Project("{FAE04EC0-301F-11D3-BF4B-00C04F79EFBC}") = "GymManagement.BLL", "..\GymManagement.BLL\GymManagement.BLL.csproj", "{59FF7B58-160F-6E8F-8A43-D4ABFB4E1145}"
EndProject
Project("{FAE04EC0-301F-11D3-BF4B-00C04F79EFBC}") = "GymManagement.DAL", "..\GymManagement.DAL\GymManagement.DAL.csproj", "{C3490B53-07FA-CF3B-2395-6B95767BACFB}"
EndProject
Global
	GlobalSection(SolutionConfigurationPlatforms) = preSolution
		Debug|Any CPU = Debug|Any CPU
		Release|Any CPU = Release|Any CPU
	EndGlobalSection
	GlobalSection(ProjectConfigurationPlatforms) = postSolution
		{91C14032-423F-4020-83C0-FC18FF7DE6BF}.Debug|Any CPU.ActiveCfg = Debug|Any CPU
		{91C14032-423F-4020-83C0-FC18FF7DE6BF}.Debug|Any CPU.Build.0 = Debug|Any CPU
		{91C14032-423F-4020-83C0-FC18FF7DE6BF}.Release|Any CPU.ActiveCfg = Release|Any CPU
		{91C14032-423F-4020-83C0-FC18FF7DE6BF}.Release|Any CPU.Build.0 = Release|Any CPU
		{59FF7B58-160F-6E8F-8A43-D4ABFB4E1145}.Debug|Any CPU.ActiveCfg = Debug|Any CPU
		{59FF7B58-160F-6E8F-8A43-D4ABFB4E1145}.Debug|Any CPU.Build.0 = Debug|Any CPU
		{59FF7B58-160F-6E8F-8A43-D4ABFB4E1145}.Release|Any CPU.ActiveCfg = Release|Any CPU
		{59FF7B58-160F-6E8F-8A43-D4ABFB4E1145}.Release|Any CPU.Build.0 = Release|Any CPU
		{C3490B53-07FA-CF3B-2395-6B95767BACFB}.Debug|Any CPU.ActiveCfg = Debug|Any CPU
		{C3490B53-07FA-CF3B-2395-6B95767BACFB}.Debug|Any CPU.Build.0 = Debug|Any CPU
		{C3490B53-07FA-CF3B-2395-6B95767BACFB}.Release|Any CPU.ActiveCfg = Release|Any CPU
		{C3490B53-07FA-CF3B-2395-6B95767BACFB}.Release|Any CPU.Build.0 = Release|Any CPU
	EndGlobalSection
	GlobalSection(SolutionProperties) = preSolution
		HideSolutionNode = FALSE
	EndGlobalSection
	GlobalSection(ExtensibilityGlobals) = postSolution
		SolutionGuid = {9CBCA3D7-3D9D-4513-BBA5-6E47B1E7D86E}
	EndGlobalSection
EndGlobal
